{
  "lockfileVersion": 1,
  "configVersion": 1,
  "workspaces": {
    "": {
      "name": "bun-react-template",
      "dependencies": {
        "antd": "^6.4.3",
        "react": "^19.2.6",
        "react-dom": "^19.2.6",
        "react-router-dom": "^7.16.0",
      },
      "devDependencies": {
        "@types/bun": "^1.3.14",
        "@types/react": "^19.2.15",
        "@types/react-dom": "^19",
      },
    },
  },
  "packages": {
    "@ant-design/colors": ["@ant-design/colors@8.0.1", "https://registry.npmmirror.com/@ant-design/colors/-/colors-8.0.1.tgz", { "dependencies": { "@ant-design/fast-color": "^3.0.0" } }, "sha512-foPVl0+SWIslGUtD/xBr1p9U4AKzPhNYEseXYRRo5QSzGACYZrQbe11AYJbYfAWnWSpGBx6JjBmSeugUsD9vqQ=="],

    "@ant-design/cssinjs": ["@ant-design/cssinjs@2.1.2", "https://registry.npmmirror.com/@ant-design/cssinjs/-/cssinjs-2.1.2.tgz", { "dependencies": { "@babel/runtime": "^7.11.1", "@emotion/hash": "^0.8.0", "@emotion/unitless": "^0.7.5", "@rc-component/util": "^1.4.0", "clsx": "^2.1.1", "csstype": "^3.1.3", "stylis": "^4.3.4" }, "peerDependencies": { "react": ">=16.0.0", "react-dom": ">=16.0.0" } }, "sha512-2Hy8BnCEH31xPeSLbhhB2ctCPXE2ZnASdi+KbSeS79BNbUhL9hAEe20SkUk+BR8aKTmqb6+FKFruk7w8z0VoRQ=="],

    "@ant-design/cssinjs-utils": ["@ant-design/cssinjs-utils@2.1.2", "https://registry.npmmirror.com/@ant-design/cssinjs-utils/-/cssinjs-utils-2.1.2.tgz", { "dependencies": { "@ant-design/cssinjs": "^2.1.2", "@babel/runtime": "^7.23.2", "@rc-component/util": "^1.4.0" }, "peerDependencies": { "react": ">=18", "react-dom": ">=18" } }, "sha512-5fTHQ158jJJ5dC/ECeyIdZUzKxE/mpEMRZxthyG1sw/AKRHKgJBg00Yi6ACVXgycdje7KahRNvNET/uBccwCnA=="],

    "@ant-design/fast-color": ["@ant-design/fast-color@3.0.1", "https://registry.npmmirror.com/@ant-design/fast-color/-/fast-color-3.0.1.tgz", {}, "sha512-esKJegpW4nckh0o6kV3Tkb7NPIZYbPnnFxmQDUmL08ukXZAvV85TZBr70eGuke/CIArLaP6aw8lt9KILjnWuOw=="],

    "@ant-design/icons": ["@ant-design/icons@6.2.5", "https://registry.npmmirror.com/@ant-design/icons/-/icons-6.2.5.tgz", { "dependencies": { "@ant-design/colors": "^8.0.1", "@ant-design/icons-svg": "^4.4.2", "@rc-component/util": "^1.11.0", "clsx": "^2.1.1" }, "peerDependencies": { "react": ">=16.0.0", "react-dom": ">=16.0.0" } }, "sha512-0hKtoKqTjGFOndUyJLJmC9Cg6k4rEO7rLo6xmgbNJH+/ZX1C57RVals2v1j1knHl9n7Q+sBOveTvn931wLOCKw=="],

    "@ant-design/icons-svg": ["@ant-design/icons-svg@4.4.2", "https://registry.npmmirror.com/@ant-design/icons-svg/-/icons-svg-4.4.2.tgz", {}, "sha512-vHbT+zJEVzllwP+CM+ul7reTEfBR0vgxFe7+lREAsAA7YGsYpboiq2sQNeQeRvh09GfQgs/GyFEvZpJ9cLXpXA=="],

    "@ant-design/react-slick": ["@ant-design/react-slick@2.0.0", "https://registry.npmmirror.com/@ant-design/react-slick/-/react-slick-2.0.0.tgz", { "dependencies": { "@babel/runtime": "^7.28.4", "clsx": "^2.1.1", "json2mq": "^0.2.0", "throttle-debounce": "^5.0.0" }, "peerDependencies": { "react": "^0.14.0 || ^15.0.1 || ^16.0.0 || ^17.0.0 || ^18.0.0 || ^19.0.0", "react-dom": "^0.14.0 || ^15.0.1 || ^16.0.0 || ^17.0.0 || ^18.0.0 || ^19.0.0" } }, "sha512-HMS9sRoEmZey8LsE/Yo6+klhlzU12PisjrVcydW3So7RdklyEd2qehyU6a7Yp+OYN72mgsYs3NFCyP2lCPFVqg=="],

    "@babel/runtime": ["@babel/runtime@7.29.2", "https://registry.npmmirror.com/@babel/runtime/-/runtime-7.29.2.tgz", {}, "sha512-JiDShH45zKHWyGe4ZNVRrCjBz8Nh9TMmZG1kh4QTK8hCBTWBi8Da+i7s1fJw7/lYpM4ccepSNfqzZ/QvABBi5g=="],

    "@emotion/hash": ["@emotion/hash@0.8.0", "https://registry.npmmirror.com/@emotion/hash/-/hash-0.8.0.tgz", {}, "sha512-kBJtf7PH6aWwZ6fka3zQ0p6SBYzx4fl1LoZXE2RrnYST9Xljm7WfKJrU4g/Xr3Beg72MLrp1AWNUmuYJTL7Cow=="],

    "@emotion/unitless": ["@emotion/unitless@0.7.5", "https://registry.npmmirror.com/@emotion/unitless/-/unitless-0.7.5.tgz", {}, "sha512-OWORNpfjMsSSUBVrRBVGECkhWcULOAJz9ZW8uK9qgxD+87M7jHRcvh/A96XXNhXTLmKcoYSQtBEX7lHMO7YRwg=="],

    "@rc-component/async-validator": ["@rc-component/async-validator@5.1.0", "https://registry.npmmirror.com/@rc-component/async-validator/-/async-validator-5.1.0.tgz", { "dependencies": { "@babel/runtime": "^7.24.4" } }, "sha512-n4HcR5siNUXRX23nDizbZBQPO0ZM/5oTtmKZ6/eqL0L2bo747cklFdZGRN2f+c9qWGICwDzrhW0H7tE9PptdcA=="],

    "@rc-component/cascader": ["@rc-component/cascader@1.15.0", "https://registry.npmmirror.com/@rc-component/cascader/-/cascader-1.15.0.tgz", { "dependencies": { "@rc-component/select": "~1.6.0", "@rc-component/tree": "~1.3.0", "@rc-component/util": "^1.4.0", "clsx": "^2.1.1" }, "peerDependencies": { "react": ">=18.0.0", "react-dom": ">=18.0.0" } }, "sha512-ZzpMtwFCRo3fbXHuDnncARJMZQjdqA2w7aDuPofNQt+aDx39st1hgfIpEwTBLhe2Hqsvs/zOr8RTtgxTkCPySw=="],

    "@rc-component/checkbox": ["@rc-component/checkbox@2.0.0", "https://registry.npmmirror.com/@rc-component/checkbox/-/checkbox-2.0.0.tgz", { "dependencies": { "@rc-component/util": "^1.3.0", "clsx": "^2.1.1" }, "peerDependencies": { "react": ">=16.9.0", "react-dom": ">=16.9.0" } }, "sha512-3CXGPpAR9gsPKeO2N78HAPOzU30UdemD6HGJoWVJOpa6WleaGB5kzZj3v6bdTZab31YuWgY/RxV3VKPctn0DwQ=="],

    "@rc-component/collapse": ["@rc-component/collapse@1.2.0", "https://registry.npmmirror.com/@rc-component/collapse/-/collapse-1.2.0.tgz", { "dependencies": { "@babel/runtime": "^7.10.1", "@rc-component/motion": "^1.1.4", "@rc-component/util": "^1.3.0", "clsx": "^2.1.1" }, "peerDependencies": { "react": ">=18.0.0", "react-dom": ">=18.0.0" } }, "sha512-ZRYSKSS39qsFx93p26bde7JUZJshsUBEQRlRXPuJYlAiNX0vyYlF5TsAm8JZN3LcF8XvKikdzPbgAtXSbkLUkw=="],

    "@rc-component/color-picker": ["@rc-component/color-picker@3.1.1", "https://registry.npmmirror.com/@rc-component/color-picker/-/color-picker-3.1.1.tgz", { "dependencies": { "@ant-design/fast-color": "^3.0.1", "@rc-component/util": "^1.3.0", "clsx": "^2.1.1" }, "peerDependencies": { "react": ">=16.9.0", "react-dom": ">=16.9.0" } }, "sha512-OHaCHLHszCegdXmIq2ZRIZBN/EtpT6Wm8SG/gpzLATHbVKc/avvuKi+zlOuk05FTWvgaMmpxAko44uRJ3M+2pg=="],

    "@rc-component/context": ["@rc-component/context@2.0.1", "https://registry.npmmirror.com/@rc-component/context/-/context-2.0.1.tgz", { "dependencies": { "@rc-component/util": "^1.3.0" }, "peerDependencies": { "react": ">=16.9.0", "react-dom": ">=16.9.0" } }, "sha512-HyZbYm47s/YqtP6pKXNMjPEMaukyg7P0qVfgMLzr7YiFNMHbK2fKTAGzms9ykfGHSfyf75nBbgWw+hHkp+VImw=="],

    "@rc-component/dialog": ["@rc-component/dialog@1.9.0", "https://registry.npmmirror.com/@rc-component/dialog/-/dialog-1.9.0.tgz", { "dependencies": { "@rc-component/motion": "^1.1.3", "@rc-component/portal": "^2.1.0", "@rc-component/util": "^1.9.0", "clsx": "^2.1.1" }, "peerDependencies": { "react": ">=18.0.0", "react-dom": ">=18.0.0" } }, "sha512-zbAAogkg4kkKum79sLE6M+vq1jSAW25zdkafrahgcTP9t9S//SD634Znd1A4c8F2Gc12ZKnehGLsVaaOvZzD2A=="],

    "@rc-component/drawer": ["@rc-component/drawer@1.4.2", "https://registry.npmmirror.com/@rc-component/drawer/-/drawer-1.4.2.tgz", { "dependencies": { "@rc-component/motion": "^1.1.4", "@rc-component/portal": "^2.1.3", "@rc-component/util": "^1.9.0", "clsx": "^2.1.1" }, "peerDependencies": { "react": ">=18.0.0", "react-dom": ">=18.0.0" } }, "sha512-1ib+fZEp6FBu+YvcIktm+nCQ+Q+qIpwpoaJH6opGr4ofh2QMq+qdr5DLC4oCf5qf3pcWX9lUWPYX652k4ini8Q=="],

    "@rc-component/dropdown": ["@rc-component/dropdown@1.0.2", "https://registry.npmmirror.com/@rc-component/dropdown/-/dropdown-1.0.2.tgz", { "dependencies": { "@rc-component/trigger": "^3.0.0", "@rc-component/util": "^1.2.1", "clsx": "^2.1.1" }, "peerDependencies": { "react": ">=16.11.0", "react-dom": ">=16.11.0" } }, "sha512-6PY2ecUSYhDPhkNHHb4wfeAya04WhpmUSKzdR60G+kMNVUCX2vjT/AgTS0Lz0I/K6xrPMJ3enQbwVpeN3sHCgg=="],

    "@rc-component/form": ["@rc-component/form@1.8.1", "https://registry.npmmirror.com/@rc-component/form/-/form-1.8.1.tgz", { "dependencies": { "@rc-component/async-validator": "^5.1.0", "@rc-component/util": "^1.6.2", "clsx": "^2.1.1" }, "peerDependencies": { "react": ">=16.9.0", "react-dom": ">=16.9.0" } }, "sha512-8O7TB55Fi2mWIGvSnwZjk8jFqVNYyKDAswglwGShcbndxqzKz4cHwNtNaLjZlAeRge9wcB0LL8IWsC/Bl18raQ=="],

    "@rc-component/image": ["@rc-component/image@1.9.0", "https://registry.npmmirror.com/@rc-component/image/-/image-1.9.0.tgz", { "dependencies": { "@rc-component/motion": "^1.0.0", "@rc-component/portal": "^2.1.2", "@rc-component/util": "^1.10.1", "clsx": "^2.1.1" }, "peerDependencies": { "react": ">=16.9.0", "react-dom": ">=16.9.0" } }, "sha512-khF7w7xkBH5B1bsBcI1FSUZdkyd1aqpl2eYyILCqCzzQH3XdfehGUaZTnptyaJJfs09/R5hv9jXWyazOMFIClQ=="],

    "@rc-component/input": ["@rc-component/input@1.3.1", "https://registry.npmmirror.com/@rc-component/input/-/input-1.3.1.tgz", { "dependencies": { "@rc-component/resize-observer": "^1.1.1", "@rc-component/util": "^1.11.1", "clsx": "^2.1.1" }, "peerDependencies": { "react": ">=16.0.0", "react-dom": ">=16.0.0" } }, "sha512-iFvTUT9W+JC/MSin2aGAk8NqsVlTzcExNC9DZariON1IWirju9NoNeEk47an4Q8iHazkoVI/y1LnDi88+CPcig=="],

    "@rc-component/input-number": ["@rc-component/input-number@1.6.2", "https://registry.npmmirror.com/@rc-component/input-number/-/input-number-1.6.2.tgz", { "dependencies": { "@rc-component/mini-decimal": "^1.0.1", "@rc-component/util": "^1.4.0", "clsx": "^2.1.1" }, "peerDependencies": { "react": ">=16.9.0", "react-dom": ">=16.9.0" } }, "sha512-Gjcq7meZlCOiWN1t1xCC+7/s85humHVokTBI7PJgTfoyw5OWF74y3e6P8PHX104g9+b54jsodFIzyaj6p8LI9w=="],

    "@rc-component/mentions": ["@rc-component/mentions@1.9.0", "https://registry.npmmirror.com/@rc-component/mentions/-/mentions-1.9.0.tgz", { "dependencies": { "@rc-component/input": "~1.3.0", "@rc-component/menu": "~1.3.0", "@rc-component/trigger": "^3.0.0", "@rc-component/util": "^1.3.0", "clsx": "^2.1.1" }, "peerDependencies": { "react": ">=16.9.0", "react-dom": ">=16.9.0" } }, "sha512-WUwfFKDSOF5S9UPsNsXcLYtzjTxBGsftTXWRbZuxX6BYrsySISTnujfJNgaaQ6qVzaCDJ35QUkZKvsYxip1C5g=="],

    "@rc-component/menu": ["@rc-component/menu@1.3.1", "https://registry.npmmirror.com/@rc-component/menu/-/menu-1.3.1.tgz", { "dependencies": { "@rc-component/motion": "^1.1.4", "@rc-component/overflow": "^1.0.0", "@rc-component/trigger": "^3.0.0", "@rc-component/util": "^1.11.1", "clsx": "^2.1.1" }, "peerDependencies": { "react": ">=16.9.0", "react-dom": ">=16.9.0" } }, "sha512-pSZl9nBPgKgxN0aaW7NilIBEwWsc+43S+ulGdWAg9afak96dNOGWsGx0DLLBB1VQsAJvo6bQMTDzXoPlEHsBEw=="],

    "@rc-component/mini-decimal": ["@rc-component/mini-decimal@1.1.3", "https://registry.npmmirror.com/@rc-component/mini-decimal/-/mini-decimal-1.1.3.tgz", { "dependencies": { "@babel/runtime": "^7.18.0" } }, "sha512-bk/FJ09fLf+NLODMAFll6CfYrHPBioTedhW6lxDBuuWucJEqFUd4l/D/5JgIi3dina6sYahB8iuPAZTNz2pMxw=="],

    "@rc-component/motion": ["@rc-component/motion@1.3.2", "https://registry.npmmirror.com/@rc-component/motion/-/motion-1.3.2.tgz", { "dependencies": { "@rc-component/util": "^1.2.0", "clsx": "^2.1.1" }, "peerDependencies": { "react": ">=16.9.0", "react-dom": ">=16.9.0" } }, "sha512-itfd+GztzJYAb04Z4RkEub1TbJAfZc2Iuy8p44U44xD1F5+fNYFKI3897ijlbIyfvXkTmMm+KGcjkQQGMHywEQ=="],

    "@rc-component/mutate-observer": ["@rc-component/mutate-observer@2.0.1", "https://registry.npmmirror.com/@rc-component/mutate-observer/-/mutate-observer-2.0.1.tgz", { "dependencies": { "@rc-component/util": "^1.2.0" }, "peerDependencies": { "react": ">=16.9.0", "react-dom": ">=16.9.0" } }, "sha512-AyarjoLU5YlxuValRi+w8JRH2Z84TBbFO2RoGWz9d8bSu0FqT8DtugH3xC3BV7mUwlmROFauyWuXFuq4IFbH+w=="],

    "@rc-component/notification": ["@rc-component/notification@2.0.7", "https://registry.npmmirror.com/@rc-component/notification/-/notification-2.0.7.tgz", { "dependencies": { "@rc-component/motion": "^1.1.4", "@rc-component/util": "^1.11.0", "clsx": "^2.1.1" }, "peerDependencies": { "react": ">=18.0.0", "react-dom": ">=18.0.0" } }, "sha512-nqZzpf6BPdaj+3ILx7si79LLmqPKyUmQoXa+/9gg0SkH0v1DbD66oJgRMSBEVnd/zUT3D4gwxWIHUKebYf2ZXQ=="],

    "@rc-component/overflow": ["@rc-component/overflow@1.0.1", "https://registry.npmmirror.com/@rc-component/overflow/-/overflow-1.0.1.tgz", { "dependencies": { "@babel/runtime": "^7.11.1", "@rc-component/resize-observer": "^1.0.1", "@rc-component/util": "^1.4.0", "clsx": "^2.1.1" }, "peerDependencies": { "react": ">=16.9.0", "react-dom": ">=16.9.0" } }, "sha512-syfmgAABaHCnCDzPwHZ/2tuvIcpOO3jefYZMmfkN+pmo8HKTzsfhS57vxo4ksPdN0By+uWVJhJWNFozNBxi2eA=="],

    "@rc-component/pagination": ["@rc-component/pagination@1.2.0", "https://registry.npmmirror.com/@rc-component/pagination/-/pagination-1.2.0.tgz", { "dependencies": { "@rc-component/util": "^1.3.0", "clsx": "^2.1.1" }, "peerDependencies": { "react": ">=16.9.0", "react-dom": ">=16.9.0" } }, "sha512-YcpUFE8dMLfSo6OARJlK6DbHHvrxz7pMGPGmC/caZSJJz6HRKHC1RPP001PRHCvG9Z/veD039uOQmazVuLJzlw=="],

    "@rc-component/picker": ["@rc-component/picker@1.10.0", "https://registry.npmmirror.com/@rc-component/picker/-/picker-1.10.0.tgz", { "dependencies": { "@rc-component/overflow": "^1.0.0", "@rc-component/resize-observer": "^1.0.0", "@rc-component/trigger": "^3.6.15", "@rc-component/util": "^1.3.0", "clsx": "^2.1.1" }, "peerDependencies": { "date-fns": ">= 2.x", "dayjs": ">= 1.x", "luxon": ">= 3.x", "moment": ">= 2.x", "react": ">=16.9.0", "react-dom": ">=16.9.0" }, "optionalPeers": ["date-fns", "dayjs", "luxon", "moment"] }, "sha512-vVOXP2RVWozwpERGUFAehVH1Jz6o/uRrAb9qSZm1LC+iJs8rvEwFo1bzz2jlOYV+uWwu0dIuG86tnDui14Ea0w=="],

    "@rc-component/portal": ["@rc-component/portal@2.2.0", "https://registry.npmmirror.com/@rc-component/portal/-/portal-2.2.0.tgz", { "dependencies": { "@rc-component/util": "^1.2.1", "clsx": "^2.1.1" }, "peerDependencies": { "react": ">=18.0.0", "react-dom": ">=18.0.0" } }, "sha512-oc6FlA+uXCMiwArHsJyHcIkX4q6uKyndrPol2eWX8YPkAnztHOPsFIRtmWG4BMlGE5h7YIRE3NiaJ5VS8Lb1QQ=="],

    "@rc-component/progress": ["@rc-component/progress@1.0.2", "https://registry.npmmirror.com/@rc-component/progress/-/progress-1.0.2.tgz", { "dependencies": { "@rc-component/util": "^1.2.1", "clsx": "^2.1.1" }, "peerDependencies": { "react": ">=16.9.0", "react-dom": ">=16.9.0" } }, "sha512-WZUnH9eGxH1+xodZKqdrHke59uyGZSWgj5HBM5Kwk5BrTMuAORO7VJ2IP5Qbm9aH3n9x3IcesqHHR0NWPBC7fQ=="],

    "@rc-component/qrcode": ["@rc-component/qrcode@1.1.1", "https://registry.npmmirror.com/@rc-component/qrcode/-/qrcode-1.1.1.tgz", { "dependencies": { "@babel/runtime": "^7.24.7" }, "peerDependencies": { "react": ">=16.9.0", "react-dom": ">=16.9.0" } }, "sha512-LfLGNymzKdUPjXUbRP+xOhIWY4jQ+YMj5MmWAcgcAq1Ij8XP7tRmAXqyuv96XvLUBE/5cA8hLFl9eO1JQMujrA=="],

    "@rc-component/rate": ["@rc-component/rate@1.0.1", "https://registry.npmmirror.com/@rc-component/rate/-/rate-1.0.1.tgz", { "dependencies": { "@rc-component/util": "^1.3.0", "clsx": "^2.1.1" }, "peerDependencies": { "react": ">=16.9.0", "react-dom": ">=16.9.0" } }, "sha512-bkXxeBqDpl5IOC7yL7GcSYjQx9G8H+6kLYQnNZWeBYq2OYIv1MONd6mqKTjnnJYpV0cQIU2z3atdW0j1kttpTw=="],

    "@rc-component/resize-observer": ["@rc-component/resize-observer@1.1.2", "https://registry.npmmirror.com/@rc-component/resize-observer/-/resize-observer-1.1.2.tgz", { "dependencies": { "@rc-component/util": "^1.2.0" }, "peerDependencies": { "react": ">=16.9.0", "react-dom": ">=16.9.0" } }, "sha512-t/Bb0W8uvL4PYKAB3YcChC+DlHh0Wt5kM7q/J+0qpVEUMLe7Hk5zuvc9km0hMnTFPSx5Z7Wu/fzCLN6erVLE8Q=="],

    "@rc-component/segmented": ["@rc-component/segmented@1.3.0", "https://registry.npmmirror.com/@rc-component/segmented/-/segmented-1.3.0.tgz", { "dependencies": { "@babel/runtime": "^7.11.1", "@rc-component/motion": "^1.1.4", "@rc-component/util": "^1.3.0", "clsx": "^2.1.1" }, "peerDependencies": { "react": ">=16.0.0", "react-dom": ">=16.0.0" } }, "sha512-5J/bJ01mbDnoA6P/FW8SxUvKn+OgUSTZJPzCNnTBntG50tzoP7DydGhqxp7ggZXZls7me3mc2EQDXakU3iTVFg=="],

    "@rc-component/select": ["@rc-component/select@1.6.15", "https://registry.npmmirror.com/@rc-component/select/-/select-1.6.15.tgz", { "dependencies": { "@rc-component/overflow": "^1.0.0", "@rc-component/trigger": "^3.0.0", "@rc-component/util": "^1.3.0", "@rc-component/virtual-list": "^1.0.1", "clsx": "^2.1.1" }, "peerDependencies": { "react": "*", "react-dom": "*" } }, "sha512-SyVCWnqxCQZZcQvQJ/CxSjx2bGma6ds/HtnpkIfZVnt6RoEgbqUmHgD6vrzNarNXwbLXerwVzWwq8F3d1sst7g=="],

    "@rc-component/slider": ["@rc-component/slider@1.0.1", "https://registry.npmmirror.com/@rc-component/slider/-/slider-1.0.1.tgz", { "dependencies": { "@rc-component/util": "^1.3.0", "clsx": "^2.1.1" }, "peerDependencies": { "react": ">=16.9.0", "react-dom": ">=16.9.0" } }, "sha512-uDhEPU1z3WDfCJhaL9jfd2ha/Eqpdfxsn0Zb0Xcq1NGQAman0TWaR37OWp2vVXEOdV2y0njSILTMpTfPV1454g=="],

    "@rc-component/steps": ["@rc-component/steps@1.2.2", "https://registry.npmmirror.com/@rc-component/steps/-/steps-1.2.2.tgz", { "dependencies": { "@rc-component/util": "^1.2.1", "clsx": "^2.1.1" }, "peerDependencies": { "react": ">=16.9.0", "react-dom": ">=16.9.0" } }, "sha512-/yVIZ00gDYYPHSY0JP+M+s3ZvuXLu2f9rEjQqiUDs7EcYsUYrpJ/1bLj9aI9R7MBR3fu/NGh6RM9u2qGfqp+Nw=="],

    "@rc-component/switch": ["@rc-component/switch@1.0.3", "https://registry.npmmirror.com/@rc-component/switch/-/switch-1.0.3.tgz", { "dependencies": { "@rc-component/util": "^1.3.0", "clsx": "^2.1.1" }, "peerDependencies": { "react": ">=16.9.0", "react-dom": ">=16.9.0" } }, "sha512-Jgi+EbOBquje/XNdofr7xbJQZPYJP+BlPfR0h+WN4zFkdtB2EWqEfvkXJWeipflwjWip0/17rNbxEAqs8hVHfw=="],

    "@rc-component/table": ["@rc-component/table@1.10.2", "https://registry.npmmirror.com/@rc-component/table/-/table-1.10.2.tgz", { "dependencies": { "@rc-component/context": "^2.0.1", "@rc-component/resize-observer": "^1.0.0", "@rc-component/util": "^1.11.1", "@rc-component/virtual-list": "^1.0.1", "clsx": "^2.1.1" }, "peerDependencies": { "react": ">=18.0.0", "react-dom": ">=18.0.0" } }, "sha512-b3PjqB9Gp25p5t/zq+9QrbXbodkptT8/zvLmwgd2FNPUUtaYyDnQqfxeD5a7ao8E8lpinLHsi2u2vdfPhyNvAw=="],

    "@rc-component/tabs": ["@rc-component/tabs@1.9.1", "https://registry.npmmirror.com/@rc-component/tabs/-/tabs-1.9.1.tgz", { "dependencies": { "@rc-component/dropdown": "~1.0.0", "@rc-component/menu": "~1.3.0", "@rc-component/motion": "^1.1.3", "@rc-component/resize-observer": "^1.0.0", "@rc-component/util": "^1.11.1", "clsx": "^2.1.1" }, "peerDependencies": { "react": ">=16.9.0", "react-dom": ">=16.9.0" } }, "sha512-6mY08Fce6aNOHuGsxbzT+f2ekgL9mg1cGGHkittMlVGymjGg+kGupu5v90sRxcUd/paRU9jclLLXtF/PkK1FUA=="],

    "@rc-component/tooltip": ["@rc-component/tooltip@1.4.0", "https://registry.npmmirror.com/@rc-component/tooltip/-/tooltip-1.4.0.tgz", { "dependencies": { "@rc-component/trigger": "^3.7.1", "@rc-component/util": "^1.3.0", "clsx": "^2.1.1" }, "peerDependencies": { "react": ">=18.0.0", "react-dom": ">=18.0.0" } }, "sha512-8Rx5DCctIlLI4raR0I0xHjVTf1aF48+gKCNeAAo5bmF5VoR5YED+A/XEqzXv9KKqrJDRcd3Wndpxh2hyzrTtSg=="],

    "@rc-component/tour": ["@rc-component/tour@2.4.0", "https://registry.npmmirror.com/@rc-component/tour/-/tour-2.4.0.tgz", { "dependencies": { "@rc-component/portal": "^2.2.0", "@rc-component/trigger": "^3.0.0", "@rc-component/util": "^1.7.0", "clsx": "^2.1.1" }, "peerDependencies": { "react": ">=16.9.0", "react-dom": ">=16.9.0" } }, "sha512-aui4r4TqmTzwaBgcQxHYep8kM8PTjZFufjokObpy35KfFeZ0k9ArquWFZqegQlH24P14t+F0qO0mGTgzlav1yg=="],

    "@rc-component/tree": ["@rc-component/tree@1.3.2", "https://registry.npmmirror.com/@rc-component/tree/-/tree-1.3.2.tgz", { "dependencies": { "@rc-component/motion": "^1.0.0", "@rc-component/util": "^1.11.1", "@rc-component/virtual-list": "^1.2.0", "clsx": "^2.1.1" }, "peerDependencies": { "react": "*", "react-dom": "*" } }, "sha512-bJFj46wEkpBPnWyTm18XmgAgNQ/4YvprxMOPPY2a6rmhGJYxLuNKEFiL5Qej4Qctu9wHJm8WW+v2SYskafE0kA=="],

    "@rc-component/tree-select": ["@rc-component/tree-select@1.9.0", "https://registry.npmmirror.com/@rc-component/tree-select/-/tree-select-1.9.0.tgz", { "dependencies": { "@rc-component/select": "~1.6.0", "@rc-component/tree": "~1.3.0", "@rc-component/util": "^1.4.0", "clsx": "^2.1.1" }, "peerDependencies": { "react": "*", "react-dom": "*" } }, "sha512-GXcFe15a+trUl1/J3OHWQhsVWFpwFpGFK2cqYWZ1sK22Zs3KZTvMwDpzr75PIo1s6QVioVxpE/pRwRopkeDQ6w=="],

    "@rc-component/trigger": ["@rc-component/trigger@3.9.0", "https://registry.npmmirror.com/@rc-component/trigger/-/trigger-3.9.0.tgz", { "dependencies": { "@rc-component/motion": "^1.1.4", "@rc-component/portal": "^2.2.0", "@rc-component/resize-observer": "^1.1.1", "@rc-component/util": "^1.2.1", "clsx": "^2.1.1" }, "peerDependencies": { "react": ">=18.0.0", "react-dom": ">=18.0.0" } }, "sha512-X8btpwfrT27AgrZVOz4swclhEHTZcqaHeQMXXBgveagOiakTa36uObXbdwerXffgV8G9dH1fAAE0DHtVQs8EHg=="],

    "@rc-component/upload": ["@rc-component/upload@1.1.0", "https://registry.npmmirror.com/@rc-component/upload/-/upload-1.1.0.tgz", { "dependencies": { "@rc-component/util": "^1.3.0", "clsx": "^2.1.1" }, "peerDependencies": { "react": ">=16.9.0", "react-dom": ">=16.9.0" } }, "sha512-LIBV90mAnUE6VK5N4QvForoxZc4XqEYZimcp7fk+lkE4XwHHyJWxpIXQQwMU8hJM+YwBbsoZkGksL1sISWHQxw=="],

    "@rc-component/util": ["@rc-component/util@1.11.1", "https://registry.npmmirror.com/@rc-component/util/-/util-1.11.1.tgz", { "dependencies": { "is-mobile": "^5.0.0", "react-is": "^18.2.0" }, "peerDependencies": { "react": ">=18.0.0", "react-dom": ">=18.0.0" } }, "sha512-awVlI3ub2vqfqkYxOBc/uQ0efm3jw0wcrhtO/YWLyZfxiKXczKwNbVuhlnyxytDt7H9pbbVQiqr+O6MLATtRYg=="],

    "@rc-component/virtual-list": ["@rc-component/virtual-list@1.0.2", "https://registry.npmmirror.com/@rc-component/virtual-list/-/virtual-list-1.0.2.tgz", { "dependencies": { "@babel/runtime": "^7.20.0", "@rc-component/resize-observer": "^1.0.1", "@rc-component/util": "^1.4.0", "clsx": "^2.1.1" }, "peerDependencies": { "react": ">=16.9.0", "react-dom": ">=16.9.0" } }, "sha512-uvTol/mH74FYsn5loDGJxo+7kjkO4i+y4j87Re1pxJBs0FaeuMuLRzQRGaXwnMcV1CxpZLi2Z56Rerj2M00fjQ=="],

    "@types/bun": ["@types/bun@1.3.14", "https://registry.npmmirror.com/@types/bun/-/bun-1.3.14.tgz", { "dependencies": { "bun-types": "1.3.14" } }, "sha512-h1hFqFVcvAvD9j9K7ZW7vd82aSA+rTdznZa+5bwvCwqSB1jmmfLcbIWhOLx1/+boy/xmjgCs/OMUL8hRJSmnPw=="],

    "@types/node": ["@types/node@25.6.0", "https://registry.npmmirror.com/@types/node/-/node-25.6.0.tgz", { "dependencies": { "undici-types": "~7.19.0" } }, "sha512-+qIYRKdNYJwY3vRCZMdJbPLJAtGjQBudzZzdzwQYkEPQd+PJGixUL5QfvCLDaULoLv+RhT3LDkwEfKaAkgSmNQ=="],

    "@types/react": ["@types/react@19.2.15", "https://registry.npmmirror.com/@types/react/-/react-19.2.15.tgz", { "dependencies": { "csstype": "^3.2.2" } }, "sha512-eRwcGNHve+E8qtEQSSRl6urh+rFop4v8gm6O8rGv25CodbvFdLjA1vVQ1KkiFE0w0UPOnb8tDiFKL5lp0rtY5Q=="],

    "@types/react-dom": ["@types/react-dom@19.2.3", "https://registry.npmmirror.com/@types/react-dom/-/react-dom-19.2.3.tgz", { "peerDependencies": { "@types/react": "^19.2.0" } }, "sha512-jp2L/eY6fn+KgVVQAOqYItbF0VY/YApe5Mz2F0aykSO8gx31bYCZyvSeYxCHKvzHG5eZjc+zyaS5BrBWya2+kQ=="],

    "antd": ["antd@6.4.3", "https://registry.npmmirror.com/antd/-/antd-6.4.3.tgz", { "dependencies": { "@ant-design/colors": "^8.0.1", "@ant-design/cssinjs": "^2.1.2", "@ant-design/cssinjs-utils": "^2.1.2", "@ant-design/fast-color": "^3.0.1", "@ant-design/icons": "^6.2.3", "@ant-design/react-slick": "~2.0.0", "@babel/runtime": "^7.29.2", "@rc-component/cascader": "~1.15.0", "@rc-component/checkbox": "~2.0.0", "@rc-component/collapse": "~1.2.0", "@rc-component/color-picker": "~3.1.1", "@rc-component/dialog": "~1.9.0", "@rc-component/drawer": "~1.4.2", "@rc-component/dropdown": "~1.0.2", "@rc-component/form": "~1.8.1", "@rc-component/image": "~1.9.0", "@rc-component/input": "~1.3.0", "@rc-component/input-number": "~1.6.2", "@rc-component/mentions": "~1.9.0", "@rc-component/menu": "~1.3.0", "@rc-component/motion": "^1.3.2", "@rc-component/mutate-observer": "^2.0.1", "@rc-component/notification": "~2.0.7", "@rc-component/pagination": "~1.2.0", "@rc-component/picker": "~1.10.0", "@rc-component/progress": "~1.0.2", "@rc-component/qrcode": "~1.1.1", "@rc-component/rate": "~1.0.1", "@rc-component/resize-observer": "^1.1.2", "@rc-component/segmented": "~1.3.0", "@rc-component/select": "~1.6.15", "@rc-component/slider": "~1.0.1", "@rc-component/steps": "~1.2.2", "@rc-component/switch": "~1.0.3", "@rc-component/table": "~1.10.0", "@rc-component/tabs": "~1.9.0", "@rc-component/tooltip": "~1.4.0", "@rc-component/tour": "~2.4.0", "@rc-component/tree": "~1.3.1", "@rc-component/tree-select": "~1.9.0", "@rc-component/trigger": "^3.9.0", "@rc-component/upload": "~1.1.0", "@rc-component/util": "^1.11.0", "clsx": "^2.1.1", "dayjs": "^1.11.11", "scroll-into-view-if-needed": "^3.1.0", "throttle-debounce": "^5.0.2" }, "peerDependencies": { "react": ">=18.0.0", "react-dom": ">=18.0.0" } }, "sha512-6H2avkxCGfxcF67r3J2mwm9Ck50el1pks/73vfM1wDsPL/tPtj5vHuauMgJFnrqmq7CH3g8aoZ0VBQbt+jpAsw=="],

    "bun-types": ["bun-types@1.3.14", "https://registry.npmmirror.com/bun-types/-/bun-types-1.3.14.tgz", { "dependencies": { "@types/node": "*" } }, "sha512-4N0ig0fEomHt5R0KCFWjovxow98rIoRwKolrYdCcknNwMekCXRnWEUvgu5soYV8QXtVsrUD8B95MBOZGPvr6KQ=="],

    "clsx": ["clsx@2.1.1", "https://registry.npmmirror.com/clsx/-/clsx-2.1.1.tgz", {}, "sha512-eYm0QWBtUrBWZWG0d386OGAw16Z995PiOVo2B7bjWSbHedGl5e0ZWaq65kOGgUSNesEIDkB9ISbTg/JK9dhCZA=="],

    "compute-scroll-into-view": ["compute-scroll-into-view@3.1.1", "https://registry.npmmirror.com/compute-scroll-into-view/-/compute-scroll-into-view-3.1.1.tgz", {}, "sha512-VRhuHOLoKYOy4UbilLbUzbYg93XLjv2PncJC50EuTWPA3gaja1UjBsUP/D/9/juV3vQFr6XBEzn9KCAHdUvOHw=="],

    "cookie": ["cookie@1.1.1", "https://registry.npmmirror.com/cookie/-/cookie-1.1.1.tgz", {}, "sha512-ei8Aos7ja0weRpFzJnEA9UHJ/7XQmqglbRwnf2ATjcB9Wq874VKH9kfjjirM6UhU2/E5fFYadylyhFldcqSidQ=="],

    "csstype": ["csstype@3.2.3", "https://registry.npmmirror.com/csstype/-/csstype-3.2.3.tgz", {}, "sha512-z1HGKcYy2xA8AGQfwrn0PAy+PB7X/GSj3UVJW9qKyn43xWa+gl5nXmU4qqLMRzWVLFC8KusUX8T/0kCiOYpAIQ=="],

    "dayjs": ["dayjs@1.11.20", "https://registry.npmmirror.com/dayjs/-/dayjs-1.11.20.tgz", {}, "sha512-YbwwqR/uYpeoP4pu043q+LTDLFBLApUP6VxRihdfNTqu4ubqMlGDLd6ErXhEgsyvY0K6nCs7nggYumAN+9uEuQ=="],

    "is-mobile": ["is-mobile@5.0.0", "https://registry.npmmirror.com/is-mobile/-/is-mobile-5.0.0.tgz", {}, "sha512-Tz/yndySvLAEXh+Uk8liFCxOwVH6YutuR74utvOcu7I9Di+DwM0mtdPVZNaVvvBUM2OXxne/NhOs1zAO7riusQ=="],

    "json2mq": ["json2mq@0.2.0", "https://registry.npmmirror.com/json2mq/-/json2mq-0.2.0.tgz", { "dependencies": { "string-convert": "^0.2.0" } }, "sha512-SzoRg7ux5DWTII9J2qkrZrqV1gt+rTaoufMxEzXbS26Uid0NwaJd123HcoB80TgubEppxxIGdNxCx50fEoEWQA=="],

    "react": ["react@19.2.6", "https://registry.npmmirror.com/react/-/react-19.2.6.tgz", {}, "sha512-sfWGGfavi0xr8Pg0sVsyHMAOziVYKgPLNrS7ig+ivMNb3wbCBw3KxtflsGBAwD3gYQlE/AEZsTLgToRrSCjb0Q=="],

    "react-dom": ["react-dom@19.2.6", "https://registry.npmmirror.com/react-dom/-/react-dom-19.2.6.tgz", { "dependencies": { "scheduler": "^0.27.0" }, "peerDependencies": { "react": "^19.2.6" } }, "sha512-0prMI+hvBbPjsWnxDLxlCGyM8PN6UuWjEUCYmZhO67xIV9Xasa/r/vDnq+Xyq4Lo27g8QSbO5YzARu0D1Sps3g=="],

    "react-is": ["react-is@18.3.1", "https://registry.npmmirror.com/react-is/-/react-is-18.3.1.tgz", {}, "sha512-/LLMVyas0ljjAtoYiPqYiL8VWXzUUdThrmU5+n20DZv+a+ClRoevUzw5JxU+Ieh5/c87ytoTBV9G1FiKfNJdmg=="],

    "react-router": ["react-router@7.16.0", "https://registry.npmmirror.com/react-router/-/react-router-7.16.0.tgz", { "dependencies": { "cookie": "^1.0.1", "set-cookie-parser": "^2.6.0" }, "peerDependencies": { "react": ">=18", "react-dom": ">=18" }, "optionalPeers": ["react-dom"] }, "sha512-wArC8lVyJb3+jM9OpDyW6hLCizACWkvQR/sSGqSs+o5uEXEtGlqdZ4v8hENR3Jad6i+LRkK93q/+bQAcvl6V1A=="],

    "react-router-dom": ["react-router-dom@7.16.0", "https://registry.npmmirror.com/react-router-dom/-/react-router-dom-7.16.0.tgz", { "dependencies": { "react-router": "7.16.0" }, "peerDependencies": { "react": ">=18", "react-dom": ">=18" } }, "sha512-kMUAbimWB5FVbF4Bce4bJsiKJWLIUHq/mEG8+CFDnCSgltptBiG5nguducmsJeGKytlCvQud9Qhzpn49iduTlA=="],

    "scheduler": ["scheduler@0.27.0", "https://registry.npmmirror.com/scheduler/-/scheduler-0.27.0.tgz", {}, "sha512-eNv+WrVbKu1f3vbYJT/xtiF5syA5HPIMtf9IgY/nKg0sWqzAUEvqY/xm7OcZc/qafLx/iO9FgOmeSAp4v5ti/Q=="],

    "scroll-into-view-if-needed": ["scroll-into-view-if-needed@3.1.0", "https://registry.npmmirror.com/scroll-into-view-if-needed/-/scroll-into-view-if-needed-3.1.0.tgz", { "dependencies": { "compute-scroll-into-view": "^3.0.2" } }, "sha512-49oNpRjWRvnU8NyGVmUaYG4jtTkNonFZI86MmGRDqBphEK2EXT9gdEUoQPZhuBM8yWHxCWbobltqYO5M4XrUvQ=="],

    "set-cookie-parser": ["set-cookie-parser@2.7.2", "https://registry.npmmirror.com/set-cookie-parser/-/set-cookie-parser-2.7.2.tgz", {}, "sha512-oeM1lpU/UvhTxw+g3cIfxXHyJRc/uidd3yK1P242gzHds0udQBYzs3y8j4gCCW+ZJ7ad0yctld8RYO+bdurlvw=="],

    "string-convert": ["string-convert@0.2.1", "https://registry.npmmirror.com/string-convert/-/string-convert-0.2.1.tgz", {}, "sha512-u/1tdPl4yQnPBjnVrmdLo9gtuLvELKsAoRapekWggdiQNvvvum+jYF329d84NAa660KQw7pB2n36KrIKVoXa3A=="],

    "stylis": ["stylis@4.4.0", "https://registry.npmmirror.com/stylis/-/stylis-4.4.0.tgz", {}, "sha512-5Z9ZpRzfuH6l/UAvCPAPUo3665Nk2wLaZU3x+TLHKVzIz33+sbJqbtrYoC3KD4/uVOr2Zp+L0LySezP9OHV9yA=="],

    "throttle-debounce": ["throttle-debounce@5.0.2", "https://registry.npmmirror.com/throttle-debounce/-/throttle-debounce-5.0.2.tgz", {}, "sha512-B71/4oyj61iNH0KeCamLuE2rmKuTO5byTOSVwECM5FA7TiAiAW+UqTKZ9ERueC4qvgSttUhdmq1mXC3kJqGX7A=="],

    "undici-types": ["undici-types@7.19.2", "https://registry.npmmirror.com/undici-types/-/undici-types-7.19.2.tgz", {}, "sha512-qYVnV5OEm2AW8cJMCpdV20CDyaN3g0AjDlOGf1OW4iaDEx8MwdtChUp4zu4H0VP3nDRF/8RKWH+IPp9uW0YGZg=="],

    "@ant-design/cssinjs/@rc-component/util": ["@rc-component/util@1.10.1", "https://registry.npmmirror.com/@rc-component/util/-/util-1.10.1.tgz", { "dependencies": { "is-mobile": "^5.0.0", "react-is": "^18.2.0" }, "peerDependencies": { "react": ">=18.0.0", "react-dom": ">=18.0.0" } }, "sha512-q++9S6rUa5Idb/xIBNz6jtvumw5+O5YV5V0g4iK9mn9jWs4oGJheE3ZN1kAnE723AXyaD8v95yeOASmdk8Jnng=="],

    "@ant-design/cssinjs-utils/@rc-component/util": ["@rc-component/util@1.10.1", "https://registry.npmmirror.com/@rc-component/util/-/util-1.10.1.tgz", { "dependencies": { "is-mobile": "^5.0.0", "react-is": "^18.2.0" }, "peerDependencies": { "react": ">=18.0.0", "react-dom": ">=18.0.0" } }, "sha512-q++9S6rUa5Idb/xIBNz6jtvumw5+O5YV5V0g4iK9mn9jWs4oGJheE3ZN1kAnE723AXyaD8v95yeOASmdk8Jnng=="],

    "@rc-component/checkbox/@rc-component/util": ["@rc-component/util@1.10.1", "https://registry.npmmirror.com/@rc-component/util/-/util-1.10.1.tgz", { "dependencies": { "is-mobile": "^5.0.0", "react-is": "^18.2.0" }, "peerDependencies": { "react": ">=18.0.0", "react-dom": ">=18.0.0" } }, "sha512-q++9S6rUa5Idb/xIBNz6jtvumw5+O5YV5V0g4iK9mn9jWs4oGJheE3ZN1kAnE723AXyaD8v95yeOASmdk8Jnng=="],

    "@rc-component/collapse/@rc-component/util": ["@rc-component/util@1.10.1", "https://registry.npmmirror.com/@rc-component/util/-/util-1.10.1.tgz", { "dependencies": { "is-mobile": "^5.0.0", "react-is": "^18.2.0" }, "peerDependencies": { "react": ">=18.0.0", "react-dom": ">=18.0.0" } }, "sha512-q++9S6rUa5Idb/xIBNz6jtvumw5+O5YV5V0g4iK9mn9jWs4oGJheE3ZN1kAnE723AXyaD8v95yeOASmdk8Jnng=="],

    "@rc-component/color-picker/@rc-component/util": ["@rc-component/util@1.10.1", "https://registry.npmmirror.com/@rc-component/util/-/util-1.10.1.tgz", { "dependencies": { "is-mobile": "^5.0.0", "react-is": "^18.2.0" }, "peerDependencies": { "react": ">=18.0.0", "react-dom": ">=18.0.0" } }, "sha512-q++9S6rUa5Idb/xIBNz6jtvumw5+O5YV5V0g4iK9mn9jWs4oGJheE3ZN1kAnE723AXyaD8v95yeOASmdk8Jnng=="],

    "@rc-component/context/@rc-component/util": ["@rc-component/util@1.10.1", "https://registry.npmmirror.com/@rc-component/util/-/util-1.10.1.tgz", { "dependencies": { "is-mobile": "^5.0.0", "react-is": "^18.2.0" }, "peerDependencies": { "react": ">=18.0.0", "react-dom": ">=18.0.0" } }, "sha512-q++9S6rUa5Idb/xIBNz6jtvumw5+O5YV5V0g4iK9mn9jWs4oGJheE3ZN1kAnE723AXyaD8v95yeOASmdk8Jnng=="],

    "@rc-component/drawer/@rc-component/util": ["@rc-component/util@1.10.1", "https://registry.npmmirror.com/@rc-component/util/-/util-1.10.1.tgz", { "dependencies": { "is-mobile": "^5.0.0", "react-is": "^18.2.0" }, "peerDependencies": { "react": ">=18.0.0", "react-dom": ">=18.0.0" } }, "sha512-q++9S6rUa5Idb/xIBNz6jtvumw5+O5YV5V0g4iK9mn9jWs4oGJheE3ZN1kAnE723AXyaD8v95yeOASmdk8Jnng=="],

    "@rc-component/dropdown/@rc-component/util": ["@rc-component/util@1.10.1", "https://registry.npmmirror.com/@rc-component/util/-/util-1.10.1.tgz", { "dependencies": { "is-mobile": "^5.0.0", "react-is": "^18.2.0" }, "peerDependencies": { "react": ">=18.0.0", "react-dom": ">=18.0.0" } }, "sha512-q++9S6rUa5Idb/xIBNz6jtvumw5+O5YV5V0g4iK9mn9jWs4oGJheE3ZN1kAnE723AXyaD8v95yeOASmdk8Jnng=="],

    "@rc-component/form/@rc-component/util": ["@rc-component/util@1.10.1", "https://registry.npmmirror.com/@rc-component/util/-/util-1.10.1.tgz", { "dependencies": { "is-mobile": "^5.0.0", "react-is": "^18.2.0" }, "peerDependencies": { "react": ">=18.0.0", "react-dom": ">=18.0.0" } }, "sha512-q++9S6rUa5Idb/xIBNz6jtvumw5+O5YV5V0g4iK9mn9jWs4oGJheE3ZN1kAnE723AXyaD8v95yeOASmdk8Jnng=="],

    "@rc-component/image/@rc-component/util": ["@rc-component/util@1.10.1", "https://registry.npmmirror.com/@rc-component/util/-/util-1.10.1.tgz", { "dependencies": { "is-mobile": "^5.0.0", "react-is": "^18.2.0" }, "peerDependencies": { "react": ">=18.0.0", "react-dom": ">=18.0.0" } }, "sha512-q++9S6rUa5Idb/xIBNz6jtvumw5+O5YV5V0g4iK9mn9jWs4oGJheE3ZN1kAnE723AXyaD8v95yeOASmdk8Jnng=="],

    "@rc-component/input-number/@rc-component/util": ["@rc-component/util@1.10.1", "https://registry.npmmirror.com/@rc-component/util/-/util-1.10.1.tgz", { "dependencies": { "is-mobile": "^5.0.0", "react-is": "^18.2.0" }, "peerDependencies": { "react": ">=18.0.0", "react-dom": ">=18.0.0" } }, "sha512-q++9S6rUa5Idb/xIBNz6jtvumw5+O5YV5V0g4iK9mn9jWs4oGJheE3ZN1kAnE723AXyaD8v95yeOASmdk8Jnng=="],

    "@rc-component/motion/@rc-component/util": ["@rc-component/util@1.10.1", "https://registry.npmmirror.com/@rc-component/util/-/util-1.10.1.tgz", { "dependencies": { "is-mobile": "^5.0.0", "react-is": "^18.2.0" }, "peerDependencies": { "react": ">=18.0.0", "react-dom": ">=18.0.0" } }, "sha512-q++9S6rUa5Idb/xIBNz6jtvumw5+O5YV5V0g4iK9mn9jWs4oGJheE3ZN1kAnE723AXyaD8v95yeOASmdk8Jnng=="],

    "@rc-component/mutate-observer/@rc-component/util": ["@rc-component/util@1.10.1", "https://registry.npmmirror.com/@rc-component/util/-/util-1.10.1.tgz", { "dependencies": { "is-mobile": "^5.0.0", "react-is": "^18.2.0" }, "peerDependencies": { "react": ">=18.0.0", "react-dom": ">=18.0.0" } }, "sha512-q++9S6rUa5Idb/xIBNz6jtvumw5+O5YV5V0g4iK9mn9jWs4oGJheE3ZN1kAnE723AXyaD8v95yeOASmdk8Jnng=="],

    "@rc-component/overflow/@rc-component/util": ["@rc-component/util@1.10.1", "https://registry.npmmirror.com/@rc-component/util/-/util-1.10.1.tgz", { "dependencies": { "is-mobile": "^5.0.0", "react-is": "^18.2.0" }, "peerDependencies": { "react": ">=18.0.0", "react-dom": ">=18.0.0" } }, "sha512-q++9S6rUa5Idb/xIBNz6jtvumw5+O5YV5V0g4iK9mn9jWs4oGJheE3ZN1kAnE723AXyaD8v95yeOASmdk8Jnng=="],

    "@rc-component/pagination/@rc-component/util": ["@rc-component/util@1.10.1", "https://registry.npmmirror.com/@rc-component/util/-/util-1.10.1.tgz", { "dependencies": { "is-mobile": "^5.0.0", "react-is": "^18.2.0" }, "peerDependencies": { "react": ">=18.0.0", "react-dom": ">=18.0.0" } }, "sha512-q++9S6rUa5Idb/xIBNz6jtvumw5+O5YV5V0g4iK9mn9jWs4oGJheE3ZN1kAnE723AXyaD8v95yeOASmdk8Jnng=="],

    "@rc-component/portal/@rc-component/util": ["@rc-component/util@1.10.1", "https://registry.npmmirror.com/@rc-component/util/-/util-1.10.1.tgz", { "dependencies": { "is-mobile": "^5.0.0", "react-is": "^18.2.0" }, "peerDependencies": { "react": ">=18.0.0", "react-dom": ">=18.0.0" } }, "sha512-q++9S6rUa5Idb/xIBNz6jtvumw5+O5YV5V0g4iK9mn9jWs4oGJheE3ZN1kAnE723AXyaD8v95yeOASmdk8Jnng=="],

    "@rc-component/progress/@rc-component/util": ["@rc-component/util@1.10.1", "https://registry.npmmirror.com/@rc-component/util/-/util-1.10.1.tgz", { "dependencies": { "is-mobile": "^5.0.0", "react-is": "^18.2.0" }, "peerDependencies": { "react": ">=18.0.0", "react-dom": ">=18.0.0" } }, "sha512-q++9S6rUa5Idb/xIBNz6jtvumw5+O5YV5V0g4iK9mn9jWs4oGJheE3ZN1kAnE723AXyaD8v95yeOASmdk8Jnng=="],

    "@rc-component/rate/@rc-component/util": ["@rc-component/util@1.10.1", "https://registry.npmmirror.com/@rc-component/util/-/util-1.10.1.tgz", { "dependencies": { "is-mobile": "^5.0.0", "react-is": "^18.2.0" }, "peerDependencies": { "react": ">=18.0.0", "react-dom": ">=18.0.0" } }, "sha512-q++9S6rUa5Idb/xIBNz6jtvumw5+O5YV5V0g4iK9mn9jWs4oGJheE3ZN1kAnE723AXyaD8v95yeOASmdk8Jnng=="],

    "@rc-component/resize-observer/@rc-component/util": ["@rc-component/util@1.10.1", "https://registry.npmmirror.com/@rc-component/util/-/util-1.10.1.tgz", { "dependencies": { "is-mobile": "^5.0.0", "react-is": "^18.2.0" }, "peerDependencies": { "react": ">=18.0.0", "react-dom": ">=18.0.0" } }, "sha512-q++9S6rUa5Idb/xIBNz6jtvumw5+O5YV5V0g4iK9mn9jWs4oGJheE3ZN1kAnE723AXyaD8v95yeOASmdk8Jnng=="],

    "@rc-component/segmented/@rc-component/util": ["@rc-component/util@1.10.1", "https://registry.npmmirror.com/@rc-component/util/-/util-1.10.1.tgz", { "dependencies": { "is-mobile": "^5.0.0", "react-is": "^18.2.0" }, "peerDependencies": { "react": ">=18.0.0", "react-dom": ">=18.0.0" } }, "sha512-q++9S6rUa5Idb/xIBNz6jtvumw5+O5YV5V0g4iK9mn9jWs4oGJheE3ZN1kAnE723AXyaD8v95yeOASmdk8Jnng=="],

    "@rc-component/select/@rc-component/util": ["@rc-component/util@1.10.1", "https://registry.npmmirror.com/@rc-component/util/-/util-1.10.1.tgz", { "dependencies": { "is-mobile": "^5.0.0", "react-is": "^18.2.0" }, "peerDependencies": { "react": ">=18.0.0", "react-dom": ">=18.0.0" } }, "sha512-q++9S6rUa5Idb/xIBNz6jtvumw5+O5YV5V0g4iK9mn9jWs4oGJheE3ZN1kAnE723AXyaD8v95yeOASmdk8Jnng=="],

    "@rc-component/slider/@rc-component/util": ["@rc-component/util@1.10.1", "https://registry.npmmirror.com/@rc-component/util/-/util-1.10.1.tgz", { "dependencies": { "is-mobile": "^5.0.0", "react-is": "^18.2.0" }, "peerDependencies": { "react": ">=18.0.0", "react-dom": ">=18.0.0" } }, "sha512-q++9S6rUa5Idb/xIBNz6jtvumw5+O5YV5V0g4iK9mn9jWs4oGJheE3ZN1kAnE723AXyaD8v95yeOASmdk8Jnng=="],

    "@rc-component/steps/@rc-component/util": ["@rc-component/util@1.10.1", "https://registry.npmmirror.com/@rc-component/util/-/util-1.10.1.tgz", { "dependencies": { "is-mobile": "^5.0.0", "react-is": "^18.2.0" }, "peerDependencies": { "react": ">=18.0.0", "react-dom": ">=18.0.0" } }, "sha512-q++9S6rUa5Idb/xIBNz6jtvumw5+O5YV5V0g4iK9mn9jWs4oGJheE3ZN1kAnE723AXyaD8v95yeOASmdk8Jnng=="],

    "@rc-component/switch/@rc-component/util": ["@rc-component/util@1.10.1", "https://registry.npmmirror.com/@rc-component/util/-/util-1.10.1.tgz", { "dependencies": { "is-mobile": "^5.0.0", "react-is": "^18.2.0" }, "peerDependencies": { "react": ">=18.0.0", "react-dom": ">=18.0.0" } }, "sha512-q++9S6rUa5Idb/xIBNz6jtvumw5+O5YV5V0g4iK9mn9jWs4oGJheE3ZN1kAnE723AXyaD8v95yeOASmdk8Jnng=="],

    "@rc-component/tooltip/@rc-component/util": ["@rc-component/util@1.10.1", "https://registry.npmmirror.com/@rc-component/util/-/util-1.10.1.tgz", { "dependencies": { "is-mobile": "^5.0.0", "react-is": "^18.2.0" }, "peerDependencies": { "react": ">=18.0.0", "react-dom": ">=18.0.0" } }, "sha512-q++9S6rUa5Idb/xIBNz6jtvumw5+O5YV5V0g4iK9mn9jWs4oGJheE3ZN1kAnE723AXyaD8v95yeOASmdk8Jnng=="],

    "@rc-component/tree/@rc-component/virtual-list": ["@rc-component/virtual-list@1.2.0", "https://registry.npmmirror.com/@rc-component/virtual-list/-/virtual-list-1.2.0.tgz", { "dependencies": { "@babel/runtime": "^7.20.0", "@rc-component/resize-observer": "^1.0.1", "@rc-component/util": "^1.4.0", "clsx": "^2.1.1" }, "peerDependencies": { "react": ">=18.0.0", "react-dom": ">=18.0.0" } }, "sha512-iavRm1Jo4GDbASQwdGa7jFyk93RvSOo9xHyBT4QL1pgFJj/Fdf1G+3RErH7/7BmAMvx2AkF62mjGYxDbXsK9TQ=="],

    "@rc-component/trigger/@rc-component/util": ["@rc-component/util@1.10.1", "https://registry.npmmirror.com/@rc-component/util/-/util-1.10.1.tgz", { "dependencies": { "is-mobile": "^5.0.0", "react-is": "^18.2.0" }, "peerDependencies": { "react": ">=18.0.0", "react-dom": ">=18.0.0" } }, "sha512-q++9S6rUa5Idb/xIBNz6jtvumw5+O5YV5V0g4iK9mn9jWs4oGJheE3ZN1kAnE723AXyaD8v95yeOASmdk8Jnng=="],

    "@rc-component/upload/@rc-component/util": ["@rc-component/util@1.10.1", "https://registry.npmmirror.com/@rc-component/util/-/util-1.10.1.tgz", { "dependencies": { "is-mobile": "^5.0.0", "react-is": "^18.2.0" }, "peerDependencies": { "react": ">=18.0.0", "react-dom": ">=18.0.0" } }, "sha512-q++9S6rUa5Idb/xIBNz6jtvumw5+O5YV5V0g4iK9mn9jWs4oGJheE3ZN1kAnE723AXyaD8v95yeOASmdk8Jnng=="],

    "@rc-component/virtual-list/@rc-component/util": ["@rc-component/util@1.10.1", "https://registry.npmmirror.com/@rc-component/util/-/util-1.10.1.tgz", { "dependencies": { "is-mobile": "^5.0.0", "react-is": "^18.2.0" }, "peerDependencies": { "react": ">=18.0.0", "react-dom": ">=18.0.0" } }, "sha512-q++9S6rUa5Idb/xIBNz6jtvumw5+O5YV5V0g4iK9mn9jWs4oGJheE3ZN1kAnE723AXyaD8v95yeOASmdk8Jnng=="],
  }
}
